
Microsoft Visual Studio Solution File, Format Version 12.00
# Visual Studio 15
Project("{FAE04EC0-301F-11D3-BF4B-00C04F79EFBC}") = "SpatialTools", "SpatialTools\SpatialTools.csproj", "{8F4487B3-362B-4635-B90D-C00E61328C70}"
EndProject
Project("{FAE04EC0-301F-11D3-BF4B-00C04F79EFBC}") = "ExampleConsumer", "ExampleConsumer\ExampleConsumer.csproj", "{242A166F-6F88-41F4-9AE6-C720F417BD2D}"
EndProject
Global
	GlobalSection(SolutionConfigurationPlatforms) = preSolution
		Debug|Any CPU = Debug|Any CPU
		Release|Any CPU = Release|Any CPU
	EndGlobalSection
	GlobalSection(ProjectConfigurationPlatforms) = postSolution
		{8F4487B3-362B-4635-B90D-C00E61328C70}.Debug|Any CPU.ActiveCfg = Debug|Any CPU
		{8F4487B3-362B-4635-B90D-C00E61328C70}.Debug|Any CPU.Build.0 = Debug|Any CPU
		{8F4487B3-362B-4635-B90D-C00E61328C70}.Release|Any CPU.ActiveCfg = Release|Any CPU
		{8F4487B3-362B-4635-B90D-C00E61328C70}.Release|Any CPU.Build.0 = Release|Any CPU
		{242A166F-6F88-41F4-9AE6-C720F417BD2D}.Debug|Any CPU.ActiveCfg = Debug|Any CPU
		{242A166F-6F88-41F4-9AE6-C720F417BD2D}.Debug|Any CPU.Build.0 = Debug|Any CPU
		{242A166F-6F88-41F4-9AE6-C720F417BD2D}.Release|Any CPU.ActiveCfg = Release|Any CPU
		{242A166F-6F88-41F4-9AE6-C720F417BD2D}.Release|Any CPU.Build.0 = Release|Any CPU
	EndGlobalSection
EndGlobal
